
Microsoft Visual Studio Solution File, Format Version 12.00
# Visual Studio Version 16
VisualStudioVersion = 16.0.30128.74
MinimumVisualStudioVersion = 10.0.40219.1
Project("{FAE04EC0-301F-11D3-BF4B-00C04F79EFBC}") = "MyBlowfish", "MyBlowfish\MyBlowfish.csproj", "{EEBD193C-49EA-4DEB-93B2-C55CDAC5FD8F}"
EndProject
Project("{FAE04EC0-301F-11D3-BF4B-00C04F79EFBC}") = "Encrypter", "Encrypter\Encrypter.csproj", "{DDD40BB7-DAFB-43C4-BD95-B3126265C341}"
EndProject
Global
	GlobalSection(SolutionConfigurationPlatforms) = preSolution
		Debug|Any CPU = Debug|Any CPU
		Release|Any CPU = Release|Any CPU
	EndGlobalSection
	GlobalSection(ProjectConfigurationPlatforms) = postSolution
		{EEBD193C-49EA-4DEB-93B2-C55CDAC5FD8F}.Debug|Any CPU.ActiveCfg = Debug|Any CPU
		{EEBD193C-49EA-4DEB-93B2-C55CDAC5FD8F}.Debug|Any CPU.Build.0 = Debug|Any CPU
		{EEBD193C-49EA-4DEB-93B2-C55CDAC5FD8F}.Release|Any CPU.ActiveCfg = Release|Any CPU
		{EEBD193C-49EA-4DEB-93B2-C55CDAC5FD8F}.Release|Any CPU.Build.0 = Release|Any CPU
		{DDD40BB7-DAFB-43C4-BD95-B3126265C341}.Debug|Any CPU.ActiveCfg = Debug|Any CPU
		{DDD40BB7-DAFB-43C4-BD95-B3126265C341}.Debug|Any CPU.Build.0 = Debug|Any CPU
		{DDD40BB7-DAFB-43C4-BD95-B3126265C341}.Release|Any CPU.ActiveCfg = Release|Any CPU
		{DDD40BB7-DAFB-43C4-BD95-B3126265C341}.Release|Any CPU.Build.0 = Release|Any CPU
	EndGlobalSection
	GlobalSection(SolutionProperties) = preSolution
		HideSolutionNode = FALSE
	EndGlobalSection
	GlobalSection(ExtensibilityGlobals) = postSolution
		SolutionGuid = {20847769-8B8B-4A5E-B3B9-53801BE30794}
	EndGlobalSection
EndGlobal
